
Microsoft Visual Studio Solution File, Format Version 12.00
# Visual Studio Version 17
VisualStudioVersion = 17.7.34031.279
MinimumVisualStudioVersion = 10.0.40219.1
Project("{FAE04EC0-301F-11D3-BF4B-00C04F79EFBC}") = "Gow-Browser-GUI", "Gow-Browser-GUI.csproj", "{BFE61DC6-E5E3-4F0E-A20D-5D137FE785F5}"
EndProject
Global
	GlobalSection(SolutionConfigurationPlatforms) = preSolution
		Debug|Any CPU = Debug|Any CPU
		Release|Any CPU = Release|Any CPU
	EndGlobalSection
	GlobalSection(ProjectConfigurationPlatforms) = postSolution
		{BFE61DC6-E5E3-4F0E-A20D-5D137FE785F5}.Debug|Any CPU.ActiveCfg = Debug|Any CPU
		{BFE61DC6-E5E3-4F0E-A20D-5D137FE785F5}.Debug|Any CPU.Build.0 = Debug|Any CPU
		{BFE61DC6-E5E3-4F0E-A20D-5D137FE785F5}.Release|Any CPU.ActiveCfg = Release|Any CPU
		{BFE61DC6-E5E3-4F0E-A20D-5D137FE785F5}.Release|Any CPU.Build.0 = Release|Any CPU
	EndGlobalSection
	GlobalSection(SolutionProperties) = preSolution
		HideSolutionNode = FALSE
	EndGlobalSection
	GlobalSection(ExtensibilityGlobals) = postSolution
		SolutionGuid = {1D48EC30-A0F2-4128-A414-616CD48C0BFF}
	EndGlobalSection
EndGlobal
